
Microsoft Visual Studio Solution File, Format Version 12.00
# Visual Studio Version 17
VisualStudioVersion = 17.3.32901.215
MinimumVisualStudioVersion = 10.0.40219.1
Project("{FAE04EC0-301F-11D3-BF4B-00C04F79EFBC}") = "TPMamoun", "TPMamoun\TPMamoun.csproj", "{11B0AACD-9BA6-4771-BFB8-B3F5F863DBEC}"
EndProject
Global
	GlobalSection(SolutionConfigurationPlatforms) = preSolution
		Debug|Any CPU = Debug|Any CPU
		Release|Any CPU = Release|Any CPU
	EndGlobalSection
	GlobalSection(ProjectConfigurationPlatforms) = postSolution
		{11B0AACD-9BA6-4771-BFB8-B3F5F863DBEC}.Debug|Any CPU.ActiveCfg = Debug|Any CPU
		{11B0AACD-9BA6-4771-BFB8-B3F5F863DBEC}.Debug|Any CPU.Build.0 = Debug|Any CPU
		{11B0AACD-9BA6-4771-BFB8-B3F5F863DBEC}.Release|Any CPU.ActiveCfg = Release|Any CPU
		{11B0AACD-9BA6-4771-BFB8-B3F5F863DBEC}.Release|Any CPU.Build.0 = Release|Any CPU
	EndGlobalSection
	GlobalSection(SolutionProperties) = preSolution
		HideSolutionNode = FALSE
	EndGlobalSection
	GlobalSection(ExtensibilityGlobals) = postSolution
		SolutionGuid = {B9C029CB-29A7-4B22-A88F-BC311BC58CDC}
	EndGlobalSection
EndGlobal
